
Microsoft Visual Studio Solution File, Format Version 12.00
# Visual Studio Version 16
VisualStudioVersion = 16.0.31313.79
MinimumVisualStudioVersion = 10.0.40219.1
Project("{FAE04EC0-301F-11D3-BF4B-00C04F79EFBC}") = "ConsoleApplication", "ConsoleApplication.csproj", "{2CD55D13-7FDE-4332-870B-F114D876697A}"
EndProject
Global
	GlobalSection(SolutionConfigurationPlatforms) = preSolution
		Debug|Any CPU = Debug|Any CPU
		Release|Any CPU = Release|Any CPU
	EndGlobalSection
	GlobalSection(ProjectConfigurationPlatforms) = postSolution
		{2CD55D13-7FDE-4332-870B-F114D876697A}.Debug|Any CPU.ActiveCfg = Debug|Any CPU
		{2CD55D13-7FDE-4332-870B-F114D876697A}.Debug|Any CPU.Build.0 = Debug|Any CPU
		{2CD55D13-7FDE-4332-870B-F114D876697A}.Release|Any CPU.ActiveCfg = Release|Any CPU
		{2CD55D13-7FDE-4332-870B-F114D876697A}.Release|Any CPU.Build.0 = Release|Any CPU
	EndGlobalSection
	GlobalSection(SolutionProperties) = preSolution
		HideSolutionNode = FALSE
	EndGlobalSection
	GlobalSection(ExtensibilityGlobals) = postSolution
		SolutionGuid = {FEB39F29-6C69-427A-9C30-8707F68843EE}
	EndGlobalSection
	GlobalSection(TeamFoundationVersionControl) = preSolution
		SccNumberOfProjects = 2
		SccEnterpriseProvider = {4CA58AB2-18FA-4F8D-95D4-32DDF27D184C}
		SccTeamFoundationServer = https://dospina.visualstudio.com/
		SccProjectUniqueName0 = ConsoleApplication.csproj
		SccLocalPath0 = .
		SccLocalPath1 = .
	EndGlobalSection
EndGlobal
